
Microsoft Visual Studio Solution File, Format Version 12.00
# Visual Studio Version 16
VisualStudioVersion = 16.0.29728.190
MinimumVisualStudioVersion = 10.0.40219.1
Project("{FAE04EC0-301F-11D3-BF4B-00C04F79EFBC}") = "Uppgift2", "Uppgift2.csproj", "{6CDADA1B-747F-4635-AAAD-796ADE723A09}"
EndProject
Global
	GlobalSection(SolutionConfigurationPlatforms) = preSolution
		Debug|Any CPU = Debug|Any CPU
		Release|Any CPU = Release|Any CPU
	EndGlobalSection
	GlobalSection(ProjectConfigurationPlatforms) = postSolution
		{6CDADA1B-747F-4635-AAAD-796ADE723A09}.Debug|Any CPU.ActiveCfg = Debug|Any CPU
		{6CDADA1B-747F-4635-AAAD-796ADE723A09}.Debug|Any CPU.Build.0 = Debug|Any CPU
		{6CDADA1B-747F-4635-AAAD-796ADE723A09}.Release|Any CPU.ActiveCfg = Release|Any CPU
		{6CDADA1B-747F-4635-AAAD-796ADE723A09}.Release|Any CPU.Build.0 = Release|Any CPU
	EndGlobalSection
	GlobalSection(SolutionProperties) = preSolution
		HideSolutionNode = FALSE
	EndGlobalSection
	GlobalSection(ExtensibilityGlobals) = postSolution
		SolutionGuid = {EB431140-7EF2-46FE-A1E1-D1802CE4D4BC}
	EndGlobalSection
EndGlobal
